
Microsoft Visual Studio Solution File, Format Version 12.00
# Visual Studio Version 17
VisualStudioVersion = 17.8.34511.84
MinimumVisualStudioVersion = 10.0.40219.1
Project("{FAE04EC0-301F-11D3-BF4B-00C04F79EFBC}") = "Browser-Selector", "Browser-Selector\Browser-Selector.csproj", "{2481A31D-C941-4BE7-8E8A-FC8FBF290620}"
EndProject
Global
	GlobalSection(SolutionConfigurationPlatforms) = preSolution
		Debug|Any CPU = Debug|Any CPU
		Release|Any CPU = Release|Any CPU
	EndGlobalSection
	GlobalSection(ProjectConfigurationPlatforms) = postSolution
		{2481A31D-C941-4BE7-8E8A-FC8FBF290620}.Debug|Any CPU.ActiveCfg = Debug|Any CPU
		{2481A31D-C941-4BE7-8E8A-FC8FBF290620}.Debug|Any CPU.Build.0 = Debug|Any CPU
		{2481A31D-C941-4BE7-8E8A-FC8FBF290620}.Release|Any CPU.ActiveCfg = Release|Any CPU
		{2481A31D-C941-4BE7-8E8A-FC8FBF290620}.Release|Any CPU.Build.0 = Release|Any CPU
	EndGlobalSection
	GlobalSection(SolutionProperties) = preSolution
		HideSolutionNode = FALSE
	EndGlobalSection
	GlobalSection(ExtensibilityGlobals) = postSolution
		SolutionGuid = {C5501E86-B100-4A1B-8B05-F9B44C33DE1B}
	EndGlobalSection
EndGlobal
